
Microsoft Visual Studio Solution File, Format Version 12.00
# Visual Studio Version 17
VisualStudioVersion = 17.7.34031.279
MinimumVisualStudioVersion = 10.0.40219.1
Project("{FAE04EC0-301F-11D3-BF4B-00C04F79EFBC}") = "HW7", "HW7\HW7.csproj", "{03677EAE-3A85-442C-86DE-A4B148B44654}"
EndProject
Global
	GlobalSection(SolutionConfigurationPlatforms) = preSolution
		Debug|Any CPU = Debug|Any CPU
		Release|Any CPU = Release|Any CPU
	EndGlobalSection
	GlobalSection(ProjectConfigurationPlatforms) = postSolution
		{03677EAE-3A85-442C-86DE-A4B148B44654}.Debug|Any CPU.ActiveCfg = Debug|Any CPU
		{03677EAE-3A85-442C-86DE-A4B148B44654}.Debug|Any CPU.Build.0 = Debug|Any CPU
		{03677EAE-3A85-442C-86DE-A4B148B44654}.Release|Any CPU.ActiveCfg = Release|Any CPU
		{03677EAE-3A85-442C-86DE-A4B148B44654}.Release|Any CPU.Build.0 = Release|Any CPU
	EndGlobalSection
	GlobalSection(SolutionProperties) = preSolution
		HideSolutionNode = FALSE
	EndGlobalSection
	GlobalSection(ExtensibilityGlobals) = postSolution
		SolutionGuid = {416AB06F-4B2E-45E8-AAF5-57624CEDD00A}
	EndGlobalSection
EndGlobal
